
Microsoft Visual Studio Solution File, Format Version 12.00
# Visual Studio Version 16
VisualStudioVersion = 16.0.29519.87
MinimumVisualStudioVersion = 10.0.40219.1
Project("{9A19103F-16F7-4668-BE54-9A1E7A4F7556}") = "Tetris", "Tetris\Tetris.csproj", "{895D69B4-9B57-4069-ACD0-355D572D84EC}"
EndProject
Global
	GlobalSection(SolutionConfigurationPlatforms) = preSolution
		Debug|Any CPU = Debug|Any CPU
		Release|Any CPU = Release|Any CPU
	EndGlobalSection
	GlobalSection(ProjectConfigurationPlatforms) = postSolution
		{895D69B4-9B57-4069-ACD0-355D572D84EC}.Debug|Any CPU.ActiveCfg = Debug|Any CPU
		{895D69B4-9B57-4069-ACD0-355D572D84EC}.Debug|Any CPU.Build.0 = Debug|Any CPU
		{895D69B4-9B57-4069-ACD0-355D572D84EC}.Release|Any CPU.ActiveCfg = Release|Any CPU
		{895D69B4-9B57-4069-ACD0-355D572D84EC}.Release|Any CPU.Build.0 = Release|Any CPU
	EndGlobalSection
	GlobalSection(SolutionProperties) = preSolution
		HideSolutionNode = FALSE
	EndGlobalSection
	GlobalSection(ExtensibilityGlobals) = postSolution
		SolutionGuid = {D9BD19B9-6FA4-444E-A937-55149270CE9E}
	EndGlobalSection
EndGlobal
